
Microsoft Visual Studio Solution File, Format Version 12.00
# Visual Studio Version 17
VisualStudioVersion = 17.5.002.0
MinimumVisualStudioVersion = 10.0.40219.1
Project("{9A19103F-16F7-4668-BE54-9A1E7A4F7556}") = "Fuelcards", "Fuelcards.csproj", "{2FAAEFF8-0FAC-482B-8107-5AA14DE0EB73}"
EndProject
Global
	GlobalSection(SolutionConfigurationPlatforms) = preSolution
		Debug|Any CPU = Debug|Any CPU
		Release|Any CPU = Release|Any CPU
	EndGlobalSection
	GlobalSection(ProjectConfigurationPlatforms) = postSolution
		{2FAAEFF8-0FAC-482B-8107-5AA14DE0EB73}.Debug|Any CPU.ActiveCfg = Debug|Any CPU
		{2FAAEFF8-0FAC-482B-8107-5AA14DE0EB73}.Debug|Any CPU.Build.0 = Debug|Any CPU
		{2FAAEFF8-0FAC-482B-8107-5AA14DE0EB73}.Release|Any CPU.ActiveCfg = Release|Any CPU
		{2FAAEFF8-0FAC-482B-8107-5AA14DE0EB73}.Release|Any CPU.Build.0 = Release|Any CPU
	EndGlobalSection
	GlobalSection(SolutionProperties) = preSolution
		HideSolutionNode = FALSE
	EndGlobalSection
	GlobalSection(ExtensibilityGlobals) = postSolution
		SolutionGuid = {8AB7D64B-C937-4358-BFD9-D7C9730A97EC}
	EndGlobalSection
EndGlobal
